
Microsoft Visual Studio Solution File, Format Version 12.00
# Visual Studio Version 16
VisualStudioVersion = 16.0.31515.178
MinimumVisualStudioVersion = 10.0.40219.1
Project("{FAE04EC0-301F-11D3-BF4B-00C04F79EFBC}") = "kolokwium1poprawa", "kolokwium1poprawa\kolokwium1poprawa.csproj", "{0AD00190-05C5-4401-A464-7E7E45B9CE08}"
EndProject
Global
	GlobalSection(SolutionConfigurationPlatforms) = preSolution
		Debug|Any CPU = Debug|Any CPU
		Release|Any CPU = Release|Any CPU
	EndGlobalSection
	GlobalSection(ProjectConfigurationPlatforms) = postSolution
		{0AD00190-05C5-4401-A464-7E7E45B9CE08}.Debug|Any CPU.ActiveCfg = Debug|Any CPU
		{0AD00190-05C5-4401-A464-7E7E45B9CE08}.Debug|Any CPU.Build.0 = Debug|Any CPU
		{0AD00190-05C5-4401-A464-7E7E45B9CE08}.Release|Any CPU.ActiveCfg = Release|Any CPU
		{0AD00190-05C5-4401-A464-7E7E45B9CE08}.Release|Any CPU.Build.0 = Release|Any CPU
	EndGlobalSection
	GlobalSection(SolutionProperties) = preSolution
		HideSolutionNode = FALSE
	EndGlobalSection
	GlobalSection(ExtensibilityGlobals) = postSolution
		SolutionGuid = {47FBD14B-BAE9-49FB-BC81-0D934C1FD5A3}
	EndGlobalSection
EndGlobal
